
Microsoft Visual Studio Solution File, Format Version 12.00
# Visual Studio 15
VisualStudioVersion = 15.0.28307.1500
MinimumVisualStudioVersion = 10.0.40219.1
Project("{FAE04EC0-301F-11D3-BF4B-00C04F79EFBC}") = "ConsoleAppTest", "ConsoleAppTest\ConsoleAppTest.csproj", "{3FEFA3A6-434D-4E23-9CB9-5790F119BCA2}"
EndProject
Global
	GlobalSection(SolutionConfigurationPlatforms) = preSolution
		Debug|Any CPU = Debug|Any CPU
		Release|Any CPU = Release|Any CPU
	EndGlobalSection
	GlobalSection(ProjectConfigurationPlatforms) = postSolution
		{3FEFA3A6-434D-4E23-9CB9-5790F119BCA2}.Debug|Any CPU.ActiveCfg = Debug|Any CPU
		{3FEFA3A6-434D-4E23-9CB9-5790F119BCA2}.Debug|Any CPU.Build.0 = Debug|Any CPU
		{3FEFA3A6-434D-4E23-9CB9-5790F119BCA2}.Release|Any CPU.ActiveCfg = Release|Any CPU
		{3FEFA3A6-434D-4E23-9CB9-5790F119BCA2}.Release|Any CPU.Build.0 = Release|Any CPU
	EndGlobalSection
	GlobalSection(SolutionProperties) = preSolution
		HideSolutionNode = FALSE
	EndGlobalSection
	GlobalSection(ExtensibilityGlobals) = postSolution
		SolutionGuid = {FD10774E-78BE-4401-BAD3-C2E8E74B2CB5}
	EndGlobalSection
EndGlobal
